
Microsoft Visual Studio Solution File, Format Version 12.00
# Visual Studio Version 16
VisualStudioVersion = 16.0.29920.165
MinimumVisualStudioVersion = 10.0.40219.1
Project("{FAE04EC0-301F-11D3-BF4B-00C04F79EFBC}") = "leave-management", "leave-management\leave-management.csproj", "{E477FF64-186D-42C9-A767-64FCBA7BA469}"
EndProject
Global
	GlobalSection(SolutionConfigurationPlatforms) = preSolution
		Debug|Any CPU = Debug|Any CPU
		Release|Any CPU = Release|Any CPU
	EndGlobalSection
	GlobalSection(ProjectConfigurationPlatforms) = postSolution
		{E477FF64-186D-42C9-A767-64FCBA7BA469}.Debug|Any CPU.ActiveCfg = Debug|Any CPU
		{E477FF64-186D-42C9-A767-64FCBA7BA469}.Debug|Any CPU.Build.0 = Debug|Any CPU
		{E477FF64-186D-42C9-A767-64FCBA7BA469}.Release|Any CPU.ActiveCfg = Release|Any CPU
		{E477FF64-186D-42C9-A767-64FCBA7BA469}.Release|Any CPU.Build.0 = Release|Any CPU
	EndGlobalSection
	GlobalSection(SolutionProperties) = preSolution
		HideSolutionNode = FALSE
	EndGlobalSection
	GlobalSection(ExtensibilityGlobals) = postSolution
		SolutionGuid = {859F1CC3-3C74-43C3-971F-671335852212}
	EndGlobalSection
EndGlobal
